
Microsoft Visual Studio Solution File, Format Version 12.00
# Visual Studio Version 17
VisualStudioVersion = 17.14.36623.8 d17.14
MinimumVisualStudioVersion = 10.0.40219.1
Project("{FAE04EC0-301F-11D3-BF4B-00C04F79EFBC}") = "envoimessagebus", "envoimessagebus.csproj", "{0E1DDF5E-CC70-45BD-AABD-36980A3366BC}"
EndProject
Global
	GlobalSection(SolutionConfigurationPlatforms) = preSolution
		Debug|Any CPU = Debug|Any CPU
		Release|Any CPU = Release|Any CPU
	EndGlobalSection
	GlobalSection(ProjectConfigurationPlatforms) = postSolution
		{0E1DDF5E-CC70-45BD-AABD-36980A3366BC}.Debug|Any CPU.ActiveCfg = Debug|Any CPU
		{0E1DDF5E-CC70-45BD-AABD-36980A3366BC}.Debug|Any CPU.Build.0 = Debug|Any CPU
		{0E1DDF5E-CC70-45BD-AABD-36980A3366BC}.Release|Any CPU.ActiveCfg = Release|Any CPU
		{0E1DDF5E-CC70-45BD-AABD-36980A3366BC}.Release|Any CPU.Build.0 = Release|Any CPU
	EndGlobalSection
	GlobalSection(SolutionProperties) = preSolution
		HideSolutionNode = FALSE
	EndGlobalSection
	GlobalSection(ExtensibilityGlobals) = postSolution
		SolutionGuid = {5B6F023C-A99E-4754-A792-DA52B5A3ED04}
	EndGlobalSection
EndGlobal
